
Microsoft Visual Studio Solution File, Format Version 12.00
# Visual Studio 2012
Project("{8BC9CEB8-8B4A-11D0-8D11-00A0C91BC942}") = "WInRT_CPP", "cpplib.vcxproj", "{9506B863-D82F-43DD-9C11-2910492B9E00}"
EndProject
Project("{262852C6-CD72-467D-83FE-5EEB1973A190}") = "App1", "..\App1\App1.jsproj", "{1AD262E1-B941-45E1-82B5-FD9077171561}"
EndProject
Project("{8BC9CEB8-8B4A-11D0-8D11-00A0C91BC942}") = "ComponentWithProxy", "..\ComponentWithProxy\ComponentWithProxy.vcxproj", "{101D2547-0D8F-42C3-B4AB-72D9AFEA3D82}"
EndProject
Global
	GlobalSection(SolutionConfigurationPlatforms) = preSolution
		Debug|Any CPU = Debug|Any CPU
		Debug|ARM = Debug|ARM
		Debug|Mixed Platforms = Debug|Mixed Platforms
		Debug|Win32 = Debug|Win32
		Debug|x64 = Debug|x64
		Debug|x86 = Debug|x86
		Release|Any CPU = Release|Any CPU
		Release|ARM = Release|ARM
		Release|Mixed Platforms = Release|Mixed Platforms
		Release|Win32 = Release|Win32
		Release|x64 = Release|x64
		Release|x86 = Release|x86
	EndGlobalSection
	GlobalSection(ProjectConfigurationPlatforms) = postSolution
		{9506B863-D82F-43DD-9C11-2910492B9E00}.Debug|Any CPU.ActiveCfg = Debug|Win32
		{9506B863-D82F-43DD-9C11-2910492B9E00}.Debug|ARM.ActiveCfg = Debug|ARM
		{9506B863-D82F-43DD-9C11-2910492B9E00}.Debug|ARM.Build.0 = Debug|ARM
		{9506B863-D82F-43DD-9C11-2910492B9E00}.Debug|Mixed Platforms.ActiveCfg = Debug|Win32
		{9506B863-D82F-43DD-9C11-2910492B9E00}.Debug|Mixed Platforms.Build.0 = Debug|Win32
		{9506B863-D82F-43DD-9C11-2910492B9E00}.Debug|Win32.ActiveCfg = Debug|Win32
		{9506B863-D82F-43DD-9C11-2910492B9E00}.Debug|Win32.Build.0 = Debug|Win32
		{9506B863-D82F-43DD-9C11-2910492B9E00}.Debug|x64.ActiveCfg = Debug|x64
		{9506B863-D82F-43DD-9C11-2910492B9E00}.Debug|x64.Build.0 = Debug|x64
		{9506B863-D82F-43DD-9C11-2910492B9E00}.Debug|x86.ActiveCfg = Debug|Win32
		{9506B863-D82F-43DD-9C11-2910492B9E00}.Debug|x86.Build.0 = Debug|Win32
		{9506B863-D82F-43DD-9C11-2910492B9E00}.Release|Any CPU.ActiveCfg = Release|Win32
		{9506B863-D82F-43DD-9C11-2910492B9E00}.Release|ARM.ActiveCfg = Release|ARM
		{9506B863-D82F-43DD-9C11-2910492B9E00}.Release|ARM.Build.0 = Release|ARM
		{9506B863-D82F-43DD-9C11-2910492B9E00}.Release|Mixed Platforms.ActiveCfg = Release|Win32
		{9506B863-D82F-43DD-9C11-2910492B9E00}.Release|Mixed Platforms.Build.0 = Release|Win32
		{9506B863-D82F-43DD-9C11-2910492B9E00}.Release|Win32.ActiveCfg = Release|Win32
		{9506B863-D82F-43DD-9C11-2910492B9E00}.Release|Win32.Build.0 = Release|Win32
		{9506B863-D82F-43DD-9C11-2910492B9E00}.Release|x64.ActiveCfg = Release|x64
		{9506B863-D82F-43DD-9C11-2910492B9E00}.Release|x64.Build.0 = Release|x64
		{9506B863-D82F-43DD-9C11-2910492B9E00}.Release|x86.ActiveCfg = Release|Win32
		{9506B863-D82F-43DD-9C11-2910492B9E00}.Release|x86.Build.0 = Release|Win32
		{1AD262E1-B941-45E1-82B5-FD9077171561}.Debug|Any CPU.ActiveCfg = Debug|Any CPU
		{1AD262E1-B941-45E1-82B5-FD9077171561}.Debug|Any CPU.Build.0 = Debug|Any CPU
		{1AD262E1-B941-45E1-82B5-FD9077171561}.Debug|Any CPU.Deploy.0 = Debug|Any CPU
		{1AD262E1-B941-45E1-82B5-FD9077171561}.Debug|ARM.ActiveCfg = Debug|ARM
		{1AD262E1-B941-45E1-82B5-FD9077171561}.Debug|ARM.Build.0 = Debug|ARM
		{1AD262E1-B941-45E1-82B5-FD9077171561}.Debug|ARM.Deploy.0 = Debug|ARM
		{1AD262E1-B941-45E1-82B5-FD9077171561}.Debug|Mixed Platforms.ActiveCfg = Debug|x86
		{1AD262E1-B941-45E1-82B5-FD9077171561}.Debug|Mixed Platforms.Build.0 = Debug|x86
		{1AD262E1-B941-45E1-82B5-FD9077171561}.Debug|Mixed Platforms.Deploy.0 = Debug|x86
		{1AD262E1-B941-45E1-82B5-FD9077171561}.Debug|Win32.ActiveCfg = Debug|x86
		{1AD262E1-B941-45E1-82B5-FD9077171561}.Debug|Win32.Build.0 = Debug|x86
		{1AD262E1-B941-45E1-82B5-FD9077171561}.Debug|Win32.Deploy.0 = Debug|x86
		{1AD262E1-B941-45E1-82B5-FD9077171561}.Debug|x64.ActiveCfg = Debug|x64
		{1AD262E1-B941-45E1-82B5-FD9077171561}.Debug|x64.Build.0 = Debug|x64
		{1AD262E1-B941-45E1-82B5-FD9077171561}.Debug|x64.Deploy.0 = Debug|x64
		{1AD262E1-B941-45E1-82B5-FD9077171561}.Debug|x86.ActiveCfg = Debug|x86
		{1AD262E1-B941-45E1-82B5-FD9077171561}.Debug|x86.Build.0 = Debug|x86
		{1AD262E1-B941-45E1-82B5-FD9077171561}.Debug|x86.Deploy.0 = Debug|x86
		{1AD262E1-B941-45E1-82B5-FD9077171561}.Release|Any CPU.ActiveCfg = Release|Any CPU
		{1AD262E1-B941-45E1-82B5-FD9077171561}.Release|Any CPU.Build.0 = Release|Any CPU
		{1AD262E1-B941-45E1-82B5-FD9077171561}.Release|Any CPU.Deploy.0 = Release|Any CPU
		{1AD262E1-B941-45E1-82B5-FD9077171561}.Release|ARM.ActiveCfg = Release|ARM
		{1AD262E1-B941-45E1-82B5-FD9077171561}.Release|ARM.Build.0 = Release|ARM
		{1AD262E1-B941-45E1-82B5-FD9077171561}.Release|ARM.Deploy.0 = Release|ARM
		{1AD262E1-B941-45E1-82B5-FD9077171561}.Release|Mixed Platforms.ActiveCfg = Release|x86
		{1AD262E1-B941-45E1-82B5-FD9077171561}.Release|Mixed Platforms.Build.0 = Release|x86
		{1AD262E1-B941-45E1-82B5-FD9077171561}.Release|Mixed Platforms.Deploy.0 = Release|x86
		{1AD262E1-B941-45E1-82B5-FD9077171561}.Release|Win32.ActiveCfg = Release|x86
		{1AD262E1-B941-45E1-82B5-FD9077171561}.Release|Win32.Build.0 = Release|x86
		{1AD262E1-B941-45E1-82B5-FD9077171561}.Release|Win32.Deploy.0 = Release|x86
		{1AD262E1-B941-45E1-82B5-FD9077171561}.Release|x64.ActiveCfg = Release|x64
		{1AD262E1-B941-45E1-82B5-FD9077171561}.Release|x64.Build.0 = Release|x64
		{1AD262E1-B941-45E1-82B5-FD9077171561}.Release|x64.Deploy.0 = Release|x64
		{1AD262E1-B941-45E1-82B5-FD9077171561}.Release|x86.ActiveCfg = Release|x86
		{1AD262E1-B941-45E1-82B5-FD9077171561}.Release|x86.Build.0 = Release|x86
		{1AD262E1-B941-45E1-82B5-FD9077171561}.Release|x86.Deploy.0 = Release|x86
		{101D2547-0D8F-42C3-B4AB-72D9AFEA3D82}.Debug|Any CPU.ActiveCfg = Debug|Win32
		{101D2547-0D8F-42C3-B4AB-72D9AFEA3D82}.Debug|ARM.ActiveCfg = Debug|ARM
		{101D2547-0D8F-42C3-B4AB-72D9AFEA3D82}.Debug|ARM.Build.0 = Debug|ARM
		{101D2547-0D8F-42C3-B4AB-72D9AFEA3D82}.Debug|Mixed Platforms.ActiveCfg = Debug|Win32
		{101D2547-0D8F-42C3-B4AB-72D9AFEA3D82}.Debug|Mixed Platforms.Build.0 = Debug|Win32
		{101D2547-0D8F-42C3-B4AB-72D9AFEA3D82}.Debug|Win32.ActiveCfg = Debug|Win32
		{101D2547-0D8F-42C3-B4AB-72D9AFEA3D82}.Debug|Win32.Build.0 = Debug|Win32
		{101D2547-0D8F-42C3-B4AB-72D9AFEA3D82}.Debug|x64.ActiveCfg = Debug|x64
		{101D2547-0D8F-42C3-B4AB-72D9AFEA3D82}.Debug|x64.Build.0 = Debug|x64
		{101D2547-0D8F-42C3-B4AB-72D9AFEA3D82}.Debug|x86.ActiveCfg = Debug|Win32
		{101D2547-0D8F-42C3-B4AB-72D9AFEA3D82}.Debug|x86.Build.0 = Debug|Win32
		{101D2547-0D8F-42C3-B4AB-72D9AFEA3D82}.Release|Any CPU.ActiveCfg = Release|Win32
		{101D2547-0D8F-42C3-B4AB-72D9AFEA3D82}.Release|ARM.ActiveCfg = Release|ARM
		{101D2547-0D8F-42C3-B4AB-72D9AFEA3D82}.Release|ARM.Build.0 = Release|ARM
		{101D2547-0D8F-42C3-B4AB-72D9AFEA3D82}.Release|Mixed Platforms.ActiveCfg = Release|Win32
		{101D2547-0D8F-42C3-B4AB-72D9AFEA3D82}.Release|Mixed Platforms.Build.0 = Release|Win32
		{101D2547-0D8F-42C3-B4AB-72D9AFEA3D82}.Release|Win32.ActiveCfg = Release|Win32
		{101D2547-0D8F-42C3-B4AB-72D9AFEA3D82}.Release|Win32.Build.0 = Release|Win32
		{101D2547-0D8F-42C3-B4AB-72D9AFEA3D82}.Release|x64.ActiveCfg = Release|x64
		{101D2547-0D8F-42C3-B4AB-72D9AFEA3D82}.Release|x64.Build.0 = Release|x64
		{101D2547-0D8F-42C3-B4AB-72D9AFEA3D82}.Release|x86.ActiveCfg = Release|Win32
		{101D2547-0D8F-42C3-B4AB-72D9AFEA3D82}.Release|x86.Build.0 = Release|Win32
	EndGlobalSection
	GlobalSection(SolutionProperties) = preSolution
		HideSolutionNode = FALSE
	EndGlobalSection
EndGlobal
