
Microsoft Visual Studio Solution File, Format Version 12.00
# Visual Studio 2012
Project("{8BC9CEB8-8B4A-11D0-8D11-00A0C91BC942}") = "CppComponent", "CppComponent.vcxproj", "{D35F3D84-2C26-4E34-90F6-D0FA55B848DA}"
EndProject
Project("{FAE04EC0-301F-11D3-BF4B-00C04F79EFBC}") = "cs_client_app", "..\cs\cs_client_app.csproj", "{1798AC90-2140-45E5-87F4-3AC1FB7BD3ED}"
EndProject
Global
	GlobalSection(SolutionConfigurationPlatforms) = preSolution
		Debug|Any CPU = Debug|Any CPU
		Debug|ARM = Debug|ARM
		Debug|Mixed Platforms = Debug|Mixed Platforms
		Debug|Win32 = Debug|Win32
		Debug|x64 = Debug|x64
		Debug|x86 = Debug|x86
		Release|Any CPU = Release|Any CPU
		Release|ARM = Release|ARM
		Release|Mixed Platforms = Release|Mixed Platforms
		Release|Win32 = Release|Win32
		Release|x64 = Release|x64
		Release|x86 = Release|x86
	EndGlobalSection
	GlobalSection(ProjectConfigurationPlatforms) = postSolution
		{D35F3D84-2C26-4E34-90F6-D0FA55B848DA}.Debug|Any CPU.ActiveCfg = Debug|Win32
		{D35F3D84-2C26-4E34-90F6-D0FA55B848DA}.Debug|ARM.ActiveCfg = Debug|ARM
		{D35F3D84-2C26-4E34-90F6-D0FA55B848DA}.Debug|ARM.Build.0 = Debug|ARM
		{D35F3D84-2C26-4E34-90F6-D0FA55B848DA}.Debug|Mixed Platforms.ActiveCfg = Debug|Win32
		{D35F3D84-2C26-4E34-90F6-D0FA55B848DA}.Debug|Mixed Platforms.Build.0 = Debug|Win32
		{D35F3D84-2C26-4E34-90F6-D0FA55B848DA}.Debug|Win32.ActiveCfg = Debug|Win32
		{D35F3D84-2C26-4E34-90F6-D0FA55B848DA}.Debug|Win32.Build.0 = Debug|Win32
		{D35F3D84-2C26-4E34-90F6-D0FA55B848DA}.Debug|x64.ActiveCfg = Debug|x64
		{D35F3D84-2C26-4E34-90F6-D0FA55B848DA}.Debug|x64.Build.0 = Debug|x64
		{D35F3D84-2C26-4E34-90F6-D0FA55B848DA}.Debug|x86.ActiveCfg = Debug|Win32
		{D35F3D84-2C26-4E34-90F6-D0FA55B848DA}.Debug|x86.Build.0 = Debug|Win32
		{D35F3D84-2C26-4E34-90F6-D0FA55B848DA}.Release|Any CPU.ActiveCfg = Release|Win32
		{D35F3D84-2C26-4E34-90F6-D0FA55B848DA}.Release|ARM.ActiveCfg = Release|ARM
		{D35F3D84-2C26-4E34-90F6-D0FA55B848DA}.Release|ARM.Build.0 = Release|ARM
		{D35F3D84-2C26-4E34-90F6-D0FA55B848DA}.Release|Mixed Platforms.ActiveCfg = Release|Win32
		{D35F3D84-2C26-4E34-90F6-D0FA55B848DA}.Release|Mixed Platforms.Build.0 = Release|Win32
		{D35F3D84-2C26-4E34-90F6-D0FA55B848DA}.Release|Win32.ActiveCfg = Release|Win32
		{D35F3D84-2C26-4E34-90F6-D0FA55B848DA}.Release|Win32.Build.0 = Release|Win32
		{D35F3D84-2C26-4E34-90F6-D0FA55B848DA}.Release|x64.ActiveCfg = Release|x64
		{D35F3D84-2C26-4E34-90F6-D0FA55B848DA}.Release|x64.Build.0 = Release|x64
		{D35F3D84-2C26-4E34-90F6-D0FA55B848DA}.Release|x86.ActiveCfg = Release|Win32
		{D35F3D84-2C26-4E34-90F6-D0FA55B848DA}.Release|x86.Build.0 = Release|Win32
		{1798AC90-2140-45E5-87F4-3AC1FB7BD3ED}.Debug|Any CPU.ActiveCfg = Debug|Any CPU
		{1798AC90-2140-45E5-87F4-3AC1FB7BD3ED}.Debug|Any CPU.Build.0 = Debug|Any CPU
		{1798AC90-2140-45E5-87F4-3AC1FB7BD3ED}.Debug|Any CPU.Deploy.0 = Debug|Any CPU
		{1798AC90-2140-45E5-87F4-3AC1FB7BD3ED}.Debug|ARM.ActiveCfg = Debug|ARM
		{1798AC90-2140-45E5-87F4-3AC1FB7BD3ED}.Debug|ARM.Build.0 = Debug|ARM
		{1798AC90-2140-45E5-87F4-3AC1FB7BD3ED}.Debug|ARM.Deploy.0 = Debug|ARM
		{1798AC90-2140-45E5-87F4-3AC1FB7BD3ED}.Debug|Mixed Platforms.ActiveCfg = Debug|x86
		{1798AC90-2140-45E5-87F4-3AC1FB7BD3ED}.Debug|Mixed Platforms.Build.0 = Debug|x86
		{1798AC90-2140-45E5-87F4-3AC1FB7BD3ED}.Debug|Mixed Platforms.Deploy.0 = Debug|x86
		{1798AC90-2140-45E5-87F4-3AC1FB7BD3ED}.Debug|Win32.ActiveCfg = Debug|x86
		{1798AC90-2140-45E5-87F4-3AC1FB7BD3ED}.Debug|Win32.Build.0 = Debug|x86
		{1798AC90-2140-45E5-87F4-3AC1FB7BD3ED}.Debug|Win32.Deploy.0 = Debug|x86
		{1798AC90-2140-45E5-87F4-3AC1FB7BD3ED}.Debug|x64.ActiveCfg = Debug|x64
		{1798AC90-2140-45E5-87F4-3AC1FB7BD3ED}.Debug|x64.Build.0 = Debug|x64
		{1798AC90-2140-45E5-87F4-3AC1FB7BD3ED}.Debug|x64.Deploy.0 = Debug|x64
		{1798AC90-2140-45E5-87F4-3AC1FB7BD3ED}.Debug|x86.ActiveCfg = Debug|x86
		{1798AC90-2140-45E5-87F4-3AC1FB7BD3ED}.Debug|x86.Build.0 = Debug|x86
		{1798AC90-2140-45E5-87F4-3AC1FB7BD3ED}.Debug|x86.Deploy.0 = Debug|x86
		{1798AC90-2140-45E5-87F4-3AC1FB7BD3ED}.Release|Any CPU.ActiveCfg = Release|Any CPU
		{1798AC90-2140-45E5-87F4-3AC1FB7BD3ED}.Release|Any CPU.Build.0 = Release|Any CPU
		{1798AC90-2140-45E5-87F4-3AC1FB7BD3ED}.Release|Any CPU.Deploy.0 = Release|Any CPU
		{1798AC90-2140-45E5-87F4-3AC1FB7BD3ED}.Release|ARM.ActiveCfg = Release|ARM
		{1798AC90-2140-45E5-87F4-3AC1FB7BD3ED}.Release|ARM.Build.0 = Release|ARM
		{1798AC90-2140-45E5-87F4-3AC1FB7BD3ED}.Release|ARM.Deploy.0 = Release|ARM
		{1798AC90-2140-45E5-87F4-3AC1FB7BD3ED}.Release|Mixed Platforms.ActiveCfg = Release|x86
		{1798AC90-2140-45E5-87F4-3AC1FB7BD3ED}.Release|Mixed Platforms.Build.0 = Release|x86
		{1798AC90-2140-45E5-87F4-3AC1FB7BD3ED}.Release|Mixed Platforms.Deploy.0 = Release|x86
		{1798AC90-2140-45E5-87F4-3AC1FB7BD3ED}.Release|Win32.ActiveCfg = Release|x86
		{1798AC90-2140-45E5-87F4-3AC1FB7BD3ED}.Release|Win32.Build.0 = Release|x86
		{1798AC90-2140-45E5-87F4-3AC1FB7BD3ED}.Release|Win32.Deploy.0 = Release|x86
		{1798AC90-2140-45E5-87F4-3AC1FB7BD3ED}.Release|x64.ActiveCfg = Release|x64
		{1798AC90-2140-45E5-87F4-3AC1FB7BD3ED}.Release|x64.Build.0 = Release|x64
		{1798AC90-2140-45E5-87F4-3AC1FB7BD3ED}.Release|x64.Deploy.0 = Release|x64
		{1798AC90-2140-45E5-87F4-3AC1FB7BD3ED}.Release|x86.ActiveCfg = Release|x86
		{1798AC90-2140-45E5-87F4-3AC1FB7BD3ED}.Release|x86.Build.0 = Release|x86
		{1798AC90-2140-45E5-87F4-3AC1FB7BD3ED}.Release|x86.Deploy.0 = Release|x86
	EndGlobalSection
	GlobalSection(SolutionProperties) = preSolution
		HideSolutionNode = FALSE
	EndGlobalSection
EndGlobal
