
Microsoft Visual Studio Solution File, Format Version 12.00
# Visual Studio 2012
Project("{FAE04EC0-301F-11D3-BF4B-00C04F79EFBC}") = "MenuCommandTest", "MenuCommandTest\MenuCommandTest.csproj", "{A3E2676F-C20C-47E4-8F57-83F9FD977E13}"
EndProject
Project("{FAE04EC0-301F-11D3-BF4B-00C04F79EFBC}") = "CommentAdornmentTest", "CommentAdornmentTest\CommentAdornmentTest.csproj", "{F03AB2CA-13FC-4EB3-ABEF-9D17EA85E1AA}"
EndProject
Global
	GlobalSection(SolutionConfigurationPlatforms) = preSolution
		Debug|Any CPU = Debug|Any CPU
		Release|Any CPU = Release|Any CPU
	EndGlobalSection
	GlobalSection(ProjectConfigurationPlatforms) = postSolution
		{A3E2676F-C20C-47E4-8F57-83F9FD977E13}.Debug|Any CPU.ActiveCfg = Debug|Any CPU
		{A3E2676F-C20C-47E4-8F57-83F9FD977E13}.Debug|Any CPU.Build.0 = Debug|Any CPU
		{A3E2676F-C20C-47E4-8F57-83F9FD977E13}.Release|Any CPU.ActiveCfg = Release|Any CPU
		{A3E2676F-C20C-47E4-8F57-83F9FD977E13}.Release|Any CPU.Build.0 = Release|Any CPU
		{F03AB2CA-13FC-4EB3-ABEF-9D17EA85E1AA}.Debug|Any CPU.ActiveCfg = Debug|Any CPU
		{F03AB2CA-13FC-4EB3-ABEF-9D17EA85E1AA}.Debug|Any CPU.Build.0 = Debug|Any CPU
		{F03AB2CA-13FC-4EB3-ABEF-9D17EA85E1AA}.Release|Any CPU.ActiveCfg = Release|Any CPU
		{F03AB2CA-13FC-4EB3-ABEF-9D17EA85E1AA}.Release|Any CPU.Build.0 = Release|Any CPU
	EndGlobalSection
	GlobalSection(SolutionProperties) = preSolution
		HideSolutionNode = FALSE
	EndGlobalSection
EndGlobal
