
Microsoft Visual Studio Solution File, Format Version 12.00
# Visual Studio 2012
Project("{8BC9CEB8-8B4A-11D0-8D11-00A0C91BC942}") = "MathFuncsDll", "MathFuncsDll\MathFuncsDll.vcxproj", "{20C665D2-6F09-4B4D-96B3-C1E29A628397}"
EndProject
Project("{8BC9CEB8-8B4A-11D0-8D11-00A0C91BC942}") = "MyExecRefsDll", "MyExecRefsDll\MyExecRefsDll.vcxproj", "{690354F2-E917-4075-9C35-9418146E3970}"
EndProject
Global
	GlobalSection(SolutionConfigurationPlatforms) = preSolution
		Debug|Win32 = Debug|Win32
		Release|Win32 = Release|Win32
	EndGlobalSection
	GlobalSection(ProjectConfigurationPlatforms) = postSolution
		{20C665D2-6F09-4B4D-96B3-C1E29A628397}.Debug|Win32.ActiveCfg = Debug|Win32
		{20C665D2-6F09-4B4D-96B3-C1E29A628397}.Debug|Win32.Build.0 = Debug|Win32
		{20C665D2-6F09-4B4D-96B3-C1E29A628397}.Release|Win32.ActiveCfg = Release|Win32
		{20C665D2-6F09-4B4D-96B3-C1E29A628397}.Release|Win32.Build.0 = Release|Win32
		{690354F2-E917-4075-9C35-9418146E3970}.Debug|Win32.ActiveCfg = Debug|Win32
		{690354F2-E917-4075-9C35-9418146E3970}.Debug|Win32.Build.0 = Debug|Win32
		{690354F2-E917-4075-9C35-9418146E3970}.Release|Win32.ActiveCfg = Release|Win32
		{690354F2-E917-4075-9C35-9418146E3970}.Release|Win32.Build.0 = Release|Win32
	EndGlobalSection
	GlobalSection(SolutionProperties) = preSolution
		HideSolutionNode = FALSE
	EndGlobalSection
EndGlobal
