
Microsoft Visual Studio Solution File, Format Version 11.00
# Visual Studio 10
Project("{8BC9CEB8-8B4A-11D0-8D11-00A0C91BC942}") = "CSplitButton_s2", "CSplitButton_s2\CSplitButton_s2.vcxproj", "{1CB0BD62-CA0B-FD78-4E89-74CFA2749C2F}"
EndProject
Global
	GlobalSection(SolutionConfigurationPlatforms) = preSolution
		Debug|Win32 = Debug|Win32
		Release|Win32 = Release|Win32
	EndGlobalSection
	GlobalSection(ProjectConfigurationPlatforms) = postSolution
		{1CB0BD62-CA0B-FD78-4E89-74CFA2749C2F}.Debug|Win32.ActiveCfg = Debug|Win32
		{1CB0BD62-CA0B-FD78-4E89-74CFA2749C2F}.Debug|Win32.Build.0 = Debug|Win32
		{1CB0BD62-CA0B-FD78-4E89-74CFA2749C2F}.Release|Win32.ActiveCfg = Release|Win32
		{1CB0BD62-CA0B-FD78-4E89-74CFA2749C2F}.Release|Win32.Build.0 = Release|Win32
	EndGlobalSection
	GlobalSection(SolutionProperties) = preSolution
		HideSolutionNode = FALSE
	EndGlobalSection
EndGlobal
