<?xml version="1.0" encoding="utf-8"?>
<Project ToolsVersion="4.0" xmlns="http://schemas.microsoft.com/developer/msbuild/2003">
  <ItemGroup>
    <Filter Include="Resources">
      <UniqueIdentifier>ecf81207-d98a-4b52-87a7-c0202f5d2e4f</UniqueIdentifier>
      <Extensions>rc;ico;cur;bmp;dlg;rc2;rct;bin;rgs;gif;jpg;jpeg;jpe;resx;tiff;tif;png;wav;mfcribbon-ms</Extensions>
    </Filter>
  </ItemGroup>
  <ItemGroup>
    <ClCompile Include="pch.cpp" />
    <ClCompile Include="AntSystem.cpp" />
    <ClCompile Include="HttpRequest.cpp" />
    <ClCompile Include="TripOptimizer.cpp" />
    <ClCompile Include="TripOptimizerImpl.cpp" />
  </ItemGroup>
  <ItemGroup>
    <ClInclude Include="pch.h" />
    <ClInclude Include="AntSystem.h" />
    <ClInclude Include="HttpRequest.h" />
    <ClInclude Include="TripOptimizer.h" />
    <ClInclude Include="TripOptimizerImpl.h" />
  </ItemGroup>
</Project>