
Microsoft Visual Studio Solution File, Format Version 11.00
# Visual Studio 10
Project("{8BC9CEB8-8B4A-11D0-8D11-00A0C91BC942}") = "CLinkCtrl_s1", "CLinkCtrl_s1\CLinkCtrl_s1.vcxproj", "{B79C61CE-E7F1-4DFF-9A3A-77CF5C9AE151}"
EndProject
Global
	GlobalSection(SolutionConfigurationPlatforms) = preSolution
		Debug|Win32 = Debug|Win32
		Release|Win32 = Release|Win32
	EndGlobalSection
	GlobalSection(ProjectConfigurationPlatforms) = postSolution
		{B79C61CE-E7F1-4DFF-9A3A-77CF5C9AE151}.Debug|Win32.ActiveCfg = Debug|Win32
		{B79C61CE-E7F1-4DFF-9A3A-77CF5C9AE151}.Debug|Win32.Build.0 = Debug|Win32
		{B79C61CE-E7F1-4DFF-9A3A-77CF5C9AE151}.Release|Win32.ActiveCfg = Release|Win32
		{B79C61CE-E7F1-4DFF-9A3A-77CF5C9AE151}.Release|Win32.Build.0 = Release|Win32
	EndGlobalSection
	GlobalSection(SolutionProperties) = preSolution
		HideSolutionNode = FALSE
	EndGlobalSection
EndGlobal
