
Microsoft Visual Studio Solution File, Format Version 12.00
# Visual Studio 2012
Project("{FAE04EC0-301F-11D3-BF4B-00C04F79EFBC}") = "ForceVSPackageLoadCSharp", "ForceVSPackageLoadCSharp\ForceVSPackageLoadCSharp.csproj", "{7539DEEF-77A1-4B9B-82CB-A9D9932C57EC}"
EndProject
Project("{FAE04EC0-301F-11D3-BF4B-00C04F79EFBC}") = "PackageToBeLoaded", "PackageToBeLoaded\PackageToBeLoaded.csproj", "{29120FE6-CC58-48E1-A224-855C742CEE52}"
EndProject
Global
	GlobalSection(SolutionConfigurationPlatforms) = preSolution
		Debug|Any CPU = Debug|Any CPU
		Release|Any CPU = Release|Any CPU
	EndGlobalSection
	GlobalSection(ProjectConfigurationPlatforms) = postSolution
		{7539DEEF-77A1-4B9B-82CB-A9D9932C57EC}.Debug|Any CPU.ActiveCfg = Debug|Any CPU
		{7539DEEF-77A1-4B9B-82CB-A9D9932C57EC}.Debug|Any CPU.Build.0 = Debug|Any CPU
		{7539DEEF-77A1-4B9B-82CB-A9D9932C57EC}.Release|Any CPU.ActiveCfg = Release|Any CPU
		{7539DEEF-77A1-4B9B-82CB-A9D9932C57EC}.Release|Any CPU.Build.0 = Release|Any CPU
		{29120FE6-CC58-48E1-A224-855C742CEE52}.Debug|Any CPU.ActiveCfg = Debug|Any CPU
		{29120FE6-CC58-48E1-A224-855C742CEE52}.Debug|Any CPU.Build.0 = Debug|Any CPU
		{29120FE6-CC58-48E1-A224-855C742CEE52}.Release|Any CPU.ActiveCfg = Release|Any CPU
		{29120FE6-CC58-48E1-A224-855C742CEE52}.Release|Any CPU.Build.0 = Release|Any CPU
	EndGlobalSection
	GlobalSection(SolutionProperties) = preSolution
		HideSolutionNode = FALSE
	EndGlobalSection
EndGlobal
